// !$*UTF8*$!
{
	archiveVersion = 1;
	classes = {
	};
	objectVersion = 46;
	objects = {

/* Begin PBXBuildFile section */
		2C41B76E1AC0169400DF5608 /* base.css in Resources */ = {isa = PBXBuildFile; fileRef = 2C41B76D1AC0169400DF5608 /* base.css */; };
		2C554F8A1AC2BC3700F51D33 /* MapKit.framework in Frameworks */ = {isa = PBXBuildFile; fileRef = 2C554F891AC2BC3700F51D33 /* MapKit.framework */; };
		2C554F8E1AC2BCEE00F51D33 /* CUTEPropertyListViewController.m in Sources */ = {isa = PBXBuildFile; fileRef = 2C554F8D1AC2BCEE00F51D33 /* CUTEPropertyListViewController.m */; };
		2CB43DAF1ABC1372004DF663 /* main.m in Sources */ = {isa = PBXBuildFile; fileRef = 2CB43DAE1ABC1372004DF663 /* main.m */; };
		2CB43DB21ABC1372004DF663 /* AppDelegate.m in Sources */ = {isa = PBXBuildFile; fileRef = 2CB43DB11ABC1372004DF663 /* AppDelegate.m */; };
		2CB43DC01ABC1373004DF663 /* LaunchScreen.xib in Resources */ = {isa = PBXBuildFile; fileRef = 2CB43DBE1ABC1373004DF663 /* LaunchScreen.xib */; };
		2CB43DCC1ABC1373004DF663 /* currantTests.m in Sources */ = {isa = PBXBuildFile; fileRef = 2CB43DCB1ABC1373004DF663 /* currantTests.m */; };
		2CB43DD91ABC26B2004DF663 /* Images.xcassets in Resources */ = {isa = PBXBuildFile; fileRef = 2CB43DD81ABC26B2004DF663 /* Images.xcassets */; };
		2CB43DDD1ABD4AB4004DF663 /* CUTEWebViewController.m in Sources */ = {isa = PBXBuildFile; fileRef = 2CB43DDC1ABD4AB4004DF663 /* CUTEWebViewController.m */; };
		2CB43DE81ABD5CE3004DF663 /* Localizable.strings in Resources */ = {isa = PBXBuildFile; fileRef = 2CB43DEA1ABD5CE3004DF663 /* Localizable.strings */; };
		2CDBB2FA1AC146790024E225 /* CUTEDataManager.m in Sources */ = {isa = PBXBuildFile; fileRef = 2CDBB2F91AC146790024E225 /* CUTEDataManager.m */; };
		2CDBB2FD1AC1472E0024E225 /* CUTEConfiguration.m in Sources */ = {isa = PBXBuildFile; fileRef = 2CDBB2FC1AC1472E0024E225 /* CUTEConfiguration.m */; };
		C4A0594E53CF2777C29B6FC8 /* libPods.a in Frameworks */ = {isa = PBXBuildFile; fileRef = 82E3282C891185CD9B12868A /* libPods.a */; };
/* End PBXBuildFile section */

/* Begin PBXContainerItemProxy section */
		2CB43DC61ABC1373004DF663 /* PBXContainerItemProxy */ = {
			isa = PBXContainerItemProxy;
			containerPortal = 2CB43DA11ABC1372004DF663 /* Project object */;
			proxyType = 1;
			remoteGlobalIDString = 2CB43DA81ABC1372004DF663;
			remoteInfo = currant;
		};
/* End PBXContainerItemProxy section */

/* Begin PBXFileReference section */
		2C41B76D1AC0169400DF5608 /* base.css */ = {isa = PBXFileReference; fileEncoding = 4; lastKnownFileType = text.css; path = base.css; sourceTree = "<group>"; };
		2C554F891AC2BC3700F51D33 /* MapKit.framework */ = {isa = PBXFileReference; lastKnownFileType = wrapper.framework; name = MapKit.framework; path = System/Library/Frameworks/MapKit.framework; sourceTree = SDKROOT; };
		2C554F8C1AC2BCEE00F51D33 /* CUTEPropertyListViewController.h */ = {isa = PBXFileReference; fileEncoding = 4; lastKnownFileType = sourcecode.c.h; path = CUTEPropertyListViewController.h; sourceTree = "<group>"; };
		2C554F8D1AC2BCEE00F51D33 /* CUTEPropertyListViewController.m */ = {isa = PBXFileReference; fileEncoding = 4; lastKnownFileType = sourcecode.c.objc; path = CUTEPropertyListViewController.m; sourceTree = "<group>"; };
		2CB43DA91ABC1372004DF663 /* currant.app */ = {isa = PBXFileReference; explicitFileType = wrapper.application; includeInIndex = 0; path = currant.app; sourceTree = BUILT_PRODUCTS_DIR; };
		2CB43DAD1ABC1372004DF663 /* Info.plist */ = {isa = PBXFileReference; lastKnownFileType = text.plist.xml; path = Info.plist; sourceTree = "<group>"; };
		2CB43DAE1ABC1372004DF663 /* main.m */ = {isa = PBXFileReference; lastKnownFileType = sourcecode.c.objc; path = main.m; sourceTree = "<group>"; };
		2CB43DB01ABC1372004DF663 /* AppDelegate.h */ = {isa = PBXFileReference; lastKnownFileType = sourcecode.c.h; path = AppDelegate.h; sourceTree = "<group>"; };
		2CB43DB11ABC1372004DF663 /* AppDelegate.m */ = {isa = PBXFileReference; lastKnownFileType = sourcecode.c.objc; path = AppDelegate.m; sourceTree = "<group>"; };
		2CB43DC51ABC1373004DF663 /* currantTests.xctest */ = {isa = PBXFileReference; explicitFileType = wrapper.cfbundle; includeInIndex = 0; path = currantTests.xctest; sourceTree = BUILT_PRODUCTS_DIR; };
		2CB43DCA1ABC1373004DF663 /* Info.plist */ = {isa = PBXFileReference; lastKnownFileType = text.plist.xml; path = Info.plist; sourceTree = "<group>"; };
		2CB43DCB1ABC1373004DF663 /* currantTests.m */ = {isa = PBXFileReference; lastKnownFileType = sourcecode.c.objc; path = currantTests.m; sourceTree = "<group>"; };
		2CB43DD81ABC26B2004DF663 /* Images.xcassets */ = {isa = PBXFileReference; lastKnownFileType = folder.assetcatalog; path = Images.xcassets; sourceTree = "<group>"; };
		2CB43DDB1ABD4AB4004DF663 /* CUTEWebViewController.h */ = {isa = PBXFileReference; fileEncoding = 4; lastKnownFileType = sourcecode.c.h; path = CUTEWebViewController.h; sourceTree = "<group>"; };
		2CB43DDC1ABD4AB4004DF663 /* CUTEWebViewController.m */ = {isa = PBXFileReference; fileEncoding = 4; lastKnownFileType = sourcecode.c.objc; path = CUTEWebViewController.m; sourceTree = "<group>"; };
		2CB43DDE1ABD50BD004DF663 /* currant.pch */ = {isa = PBXFileReference; lastKnownFileType = sourcecode.c.h; path = currant.pch; sourceTree = SOURCE_ROOT; };
		2CB43DDF1ABD59AE004DF663 /* zh-Hans */ = {isa = PBXFileReference; lastKnownFileType = text.plist.strings; name = "zh-Hans"; path = "zh-Hans.lproj/LaunchScreen.strings"; sourceTree = "<group>"; };
		2CB43DE01ABD59CC004DF663 /* zh-Hans */ = {isa = PBXFileReference; lastKnownFileType = file.xib; name = "zh-Hans"; path = "zh-Hans.lproj/LaunchScreen.xib"; sourceTree = "<group>"; };
		2CB43DE91ABD5CE3004DF663 /* zh-Hans */ = {isa = PBXFileReference; lastKnownFileType = text.plist.strings; name = "zh-Hans"; path = "zh-Hans.lproj/Localizable.strings"; sourceTree = "<group>"; };
		2CDBB2F81AC146790024E225 /* CUTEDataManager.h */ = {isa = PBXFileReference; fileEncoding = 4; lastKnownFileType = sourcecode.c.h; path = CUTEDataManager.h; sourceTree = "<group>"; };
		2CDBB2F91AC146790024E225 /* CUTEDataManager.m */ = {isa = PBXFileReference; fileEncoding = 4; lastKnownFileType = sourcecode.c.objc; path = CUTEDataManager.m; sourceTree = "<group>"; };
		2CDBB2FB1AC1472E0024E225 /* CUTEConfiguration.h */ = {isa = PBXFileReference; fileEncoding = 4; lastKnownFileType = sourcecode.c.h; path = CUTEConfiguration.h; sourceTree = "<group>"; };
		2CDBB2FC1AC1472E0024E225 /* CUTEConfiguration.m */ = {isa = PBXFileReference; fileEncoding = 4; lastKnownFileType = sourcecode.c.objc; path = CUTEConfiguration.m; sourceTree = "<group>"; };
		2CDBB3001AC150C90024E225 /* CUTEUserDefaultKey.h */ = {isa = PBXFileReference; lastKnownFileType = sourcecode.c.h; path = CUTEUserDefaultKey.h; sourceTree = "<group>"; };
		3D71FAA99AADAD5513E122AE /* Pods.debug.xcconfig */ = {isa = PBXFileReference; includeInIndex = 1; lastKnownFileType = text.xcconfig; name = Pods.debug.xcconfig; path = "Pods/Target Support Files/Pods/Pods.debug.xcconfig"; sourceTree = "<group>"; };
		74C38B0D53E631D7141C9D35 /* Pods.release.xcconfig */ = {isa = PBXFileReference; includeInIndex = 1; lastKnownFileType = text.xcconfig; name = Pods.release.xcconfig; path = "Pods/Target Support Files/Pods/Pods.release.xcconfig"; sourceTree = "<group>"; };
		82E3282C891185CD9B12868A /* libPods.a */ = {isa = PBXFileReference; explicitFileType = archive.ar; includeInIndex = 0; path = libPods.a; sourceTree = BUILT_PRODUCTS_DIR; };
/* End PBXFileReference section */

/* Begin PBXFrameworksBuildPhase section */
		2CB43DA61ABC1372004DF663 /* Frameworks */ = {
			isa = PBXFrameworksBuildPhase;
			buildActionMask = 2147483647;
			files = (
				2C554F8A1AC2BC3700F51D33 /* MapKit.framework in Frameworks */,
				C4A0594E53CF2777C29B6FC8 /* libPods.a in Frameworks */,
			);
			runOnlyForDeploymentPostprocessing = 0;
		};
		2CB43DC21ABC1373004DF663 /* Frameworks */ = {
			isa = PBXFrameworksBuildPhase;
			buildActionMask = 2147483647;
			files = (
			);
			runOnlyForDeploymentPostprocessing = 0;
		};
/* End PBXFrameworksBuildPhase section */

/* Begin PBXGroup section */
		2C41B76C1AC0166100DF5608 /* CSS */ = {
			isa = PBXGroup;
			children = (
				2C41B76D1AC0169400DF5608 /* base.css */,
			);
			path = CSS;
			sourceTree = "<group>";
		};
		2C554F8B1AC2BCCD00F51D33 /* PropertyList */ = {
			isa = PBXGroup;
			children = (
				2C554F8C1AC2BCEE00F51D33 /* CUTEPropertyListViewController.h */,
				2C554F8D1AC2BCEE00F51D33 /* CUTEPropertyListViewController.m */,
			);
			path = PropertyList;
			sourceTree = "<group>";
		};
		2CB43DA01ABC1372004DF663 = {
			isa = PBXGroup;
			children = (
				2CB43DAB1ABC1372004DF663 /* currant */,
				2CB43DC81ABC1373004DF663 /* currantTests */,
				2CB43DAA1ABC1372004DF663 /* Products */,
				D3CF69D5B9EAF34A84603044 /* Pods */,
				EE6A7AB7A64BC31EFB1C1CFA /* Frameworks */,
			);
			sourceTree = "<group>";
		};
		2CB43DAA1ABC1372004DF663 /* Products */ = {
			isa = PBXGroup;
			children = (
				2CB43DA91ABC1372004DF663 /* currant.app */,
				2CB43DC51ABC1373004DF663 /* currantTests.xctest */,
			);
			name = Products;
			sourceTree = "<group>";
		};
		2CB43DAB1ABC1372004DF663 /* currant */ = {
			isa = PBXGroup;
			children = (
				2CDBB2FF1AC1507C0024E225 /* Constant */,
				2CDBB2F71AC1465D0024E225 /* Persistence */,
				2CB43DD71ABC266C004DF663 /* API */,
				2CB43DD51ABC2662004DF663 /* Resource */,
				2CB43DD61ABC2662004DF663 /* Scene */,
				2CB43DB01ABC1372004DF663 /* AppDelegate.h */,
				2CB43DB11ABC1372004DF663 /* AppDelegate.m */,
				2CB43DBE1ABC1373004DF663 /* LaunchScreen.xib */,
				2CB43DAC1ABC1372004DF663 /* Supporting Files */,
			);
			path = currant;
			sourceTree = "<group>";
		};
		2CB43DAC1ABC1372004DF663 /* Supporting Files */ = {
			isa = PBXGroup;
			children = (
				2CB43DAD1ABC1372004DF663 /* Info.plist */,
				2CB43DAE1ABC1372004DF663 /* main.m */,
				2CB43DEA1ABD5CE3004DF663 /* Localizable.strings */,
				2CB43DDE1ABD50BD004DF663 /* currant.pch */,
			);
			name = "Supporting Files";
			sourceTree = "<group>";
		};
		2CB43DC81ABC1373004DF663 /* currantTests */ = {
			isa = PBXGroup;
			children = (
				2CB43DCB1ABC1373004DF663 /* currantTests.m */,
				2CB43DC91ABC1373004DF663 /* Supporting Files */,
			);
			path = currantTests;
			sourceTree = "<group>";
		};
		2CB43DC91ABC1373004DF663 /* Supporting Files */ = {
			isa = PBXGroup;
			children = (
				2CB43DCA1ABC1373004DF663 /* Info.plist */,
			);
			name = "Supporting Files";
			sourceTree = "<group>";
		};
		2CB43DD51ABC2662004DF663 /* Resource */ = {
			isa = PBXGroup;
			children = (
				2C41B76C1AC0166100DF5608 /* CSS */,
				2CB43DD81ABC26B2004DF663 /* Images.xcassets */,
			);
			path = Resource;
			sourceTree = "<group>";
		};
		2CB43DD61ABC2662004DF663 /* Scene */ = {
			isa = PBXGroup;
			children = (
				2C554F8B1AC2BCCD00F51D33 /* PropertyList */,
				2CB43DDA1ABD493C004DF663 /* Base */,
			);
			path = Scene;
			sourceTree = "<group>";
		};
		2CB43DD71ABC266C004DF663 /* API */ = {
			isa = PBXGroup;
			children = (
			);
			path = API;
			sourceTree = "<group>";
		};
		2CB43DDA1ABD493C004DF663 /* Base */ = {
			isa = PBXGroup;
			children = (
				2CB43DDB1ABD4AB4004DF663 /* CUTEWebViewController.h */,
				2CB43DDC1ABD4AB4004DF663 /* CUTEWebViewController.m */,
			);
			path = Base;
			sourceTree = "<group>";
		};
		2CDBB2F71AC1465D0024E225 /* Persistence */ = {
			isa = PBXGroup;
			children = (
				2CDBB2F81AC146790024E225 /* CUTEDataManager.h */,
				2CDBB2F91AC146790024E225 /* CUTEDataManager.m */,
				2CDBB2FB1AC1472E0024E225 /* CUTEConfiguration.h */,
				2CDBB2FC1AC1472E0024E225 /* CUTEConfiguration.m */,
			);
			path = Persistence;
			sourceTree = "<group>";
		};
		2CDBB2FF1AC1507C0024E225 /* Constant */ = {
			isa = PBXGroup;
			children = (
				2CDBB3001AC150C90024E225 /* CUTEUserDefaultKey.h */,
			);
			path = Constant;
			sourceTree = "<group>";
		};
		D3CF69D5B9EAF34A84603044 /* Pods */ = {
			isa = PBXGroup;
			children = (
				3D71FAA99AADAD5513E122AE /* Pods.debug.xcconfig */,
				74C38B0D53E631D7141C9D35 /* Pods.release.xcconfig */,
			);
			name = Pods;
			sourceTree = "<group>";
		};
		EE6A7AB7A64BC31EFB1C1CFA /* Frameworks */ = {
			isa = PBXGroup;
			children = (
				2C554F891AC2BC3700F51D33 /* MapKit.framework */,
				82E3282C891185CD9B12868A /* libPods.a */,
			);
			name = Frameworks;
			sourceTree = "<group>";
		};
/* End PBXGroup section */

/* Begin PBXNativeTarget section */
		2CB43DA81ABC1372004DF663 /* currant */ = {
			isa = PBXNativeTarget;
			buildConfigurationList = 2CB43DCF1ABC1373004DF663 /* Build configuration list for PBXNativeTarget "currant" */;
			buildPhases = (
				2BAE73498B808A4F80C3D3FD /* Check Pods Manifest.lock */,
				2CB43DA51ABC1372004DF663 /* Sources */,
				2CB43DA61ABC1372004DF663 /* Frameworks */,
				2CB43DA71ABC1372004DF663 /* Resources */,
				A02E954989AD2505AB628CB7 /* Copy Pods Resources */,
			);
			buildRules = (
			);
			dependencies = (
			);
			name = currant;
			productName = currant;
			productReference = 2CB43DA91ABC1372004DF663 /* currant.app */;
			productType = "com.apple.product-type.application";
		};
		2CB43DC41ABC1373004DF663 /* currantTests */ = {
			isa = PBXNativeTarget;
			buildConfigurationList = 2CB43DD21ABC1373004DF663 /* Build configuration list for PBXNativeTarget "currantTests" */;
			buildPhases = (
				2CB43DC11ABC1373004DF663 /* Sources */,
				2CB43DC21ABC1373004DF663 /* Frameworks */,
				2CB43DC31ABC1373004DF663 /* Resources */,
			);
			buildRules = (
			);
			dependencies = (
				2CB43DC71ABC1373004DF663 /* PBXTargetDependency */,
			);
			name = currantTests;
			productName = currantTests;
			productReference = 2CB43DC51ABC1373004DF663 /* currantTests.xctest */;
			productType = "com.apple.product-type.bundle.unit-test";
		};
/* End PBXNativeTarget section */

/* Begin PBXProject section */
		2CB43DA11ABC1372004DF663 /* Project object */ = {
			isa = PBXProject;
			attributes = {
				CLASSPREFIX = CUTE;
				LastUpgradeCheck = 0620;
				ORGANIZATIONNAME = "Foster Yin";
				TargetAttributes = {
					2CB43DA81ABC1372004DF663 = {
						CreatedOnToolsVersion = 6.2;
					};
					2CB43DC41ABC1373004DF663 = {
						CreatedOnToolsVersion = 6.2;
						TestTargetID = 2CB43DA81ABC1372004DF663;
					};
				};
			};
			buildConfigurationList = 2CB43DA41ABC1372004DF663 /* Build configuration list for PBXProject "currant" */;
			compatibilityVersion = "Xcode 3.2";
			developmentRegion = English;
			hasScannedForEncodings = 0;
			knownRegions = (
				"zh-Hans",
			);
			mainGroup = 2CB43DA01ABC1372004DF663;
			productRefGroup = 2CB43DAA1ABC1372004DF663 /* Products */;
			projectDirPath = "";
			projectRoot = "";
			targets = (
				2CB43DA81ABC1372004DF663 /* currant */,
				2CB43DC41ABC1373004DF663 /* currantTests */,
			);
		};
/* End PBXProject section */

/* Begin PBXResourcesBuildPhase section */
		2CB43DA71ABC1372004DF663 /* Resources */ = {
			isa = PBXResourcesBuildPhase;
			buildActionMask = 2147483647;
			files = (
				2CB43DC01ABC1373004DF663 /* LaunchScreen.xib in Resources */,
				2CB43DE81ABD5CE3004DF663 /* Localizable.strings in Resources */,
				2C41B76E1AC0169400DF5608 /* base.css in Resources */,
				2CB43DD91ABC26B2004DF663 /* Images.xcassets in Resources */,
			);
			runOnlyForDeploymentPostprocessing = 0;
		};
		2CB43DC31ABC1373004DF663 /* Resources */ = {
			isa = PBXResourcesBuildPhase;
			buildActionMask = 2147483647;
			files = (
			);
			runOnlyForDeploymentPostprocessing = 0;
		};
/* End PBXResourcesBuildPhase section */

/* Begin PBXShellScriptBuildPhase section */
		2BAE73498B808A4F80C3D3FD /* Check Pods Manifest.lock */ = {
			isa = PBXShellScriptBuildPhase;
			buildActionMask = 2147483647;
			files = (
			);
			inputPaths = (
			);
			name = "Check Pods Manifest.lock";
			outputPaths = (
			);
			runOnlyForDeploymentPostprocessing = 0;
			shellPath = /bin/sh;
			shellScript = "diff \"${PODS_ROOT}/../Podfile.lock\" \"${PODS_ROOT}/Manifest.lock\" > /dev/null\nif [[ $? != 0 ]] ; then\n    cat << EOM\nerror: The sandbox is not in sync with the Podfile.lock. Run 'pod install' or update your CocoaPods installation.\nEOM\n    exit 1\nfi\n";
			showEnvVarsInLog = 0;
		};
		A02E954989AD2505AB628CB7 /* Copy Pods Resources */ = {
			isa = PBXShellScriptBuildPhase;
			buildActionMask = 2147483647;
			files = (
			);
			inputPaths = (
			);
			name = "Copy Pods Resources";
			outputPaths = (
			);
			runOnlyForDeploymentPostprocessing = 0;
			shellPath = /bin/sh;
			shellScript = "\"${SRCROOT}/Pods/Target Support Files/Pods/Pods-resources.sh\"\n";
			showEnvVarsInLog = 0;
		};
/* End PBXShellScriptBuildPhase section */

/* Begin PBXSourcesBuildPhase section */
		2CB43DA51ABC1372004DF663 /* Sources */ = {
			isa = PBXSourcesBuildPhase;
			buildActionMask = 2147483647;
			files = (
				2CB43DB21ABC1372004DF663 /* AppDelegate.m in Sources */,
				2CB43DDD1ABD4AB4004DF663 /* CUTEWebViewController.m in Sources */,
				2C554F8E1AC2BCEE00F51D33 /* CUTEPropertyListViewController.m in Sources */,
				2CDBB2FA1AC146790024E225 /* CUTEDataManager.m in Sources */,
				2CB43DAF1ABC1372004DF663 /* main.m in Sources */,
				2CDBB2FD1AC1472E0024E225 /* CUTEConfiguration.m in Sources */,
			);
			runOnlyForDeploymentPostprocessing = 0;
		};
		2CB43DC11ABC1373004DF663 /* Sources */ = {
			isa = PBXSourcesBuildPhase;
			buildActionMask = 2147483647;
			files = (
				2CB43DCC1ABC1373004DF663 /* currantTests.m in Sources */,
			);
			runOnlyForDeploymentPostprocessing = 0;
		};
/* End PBXSourcesBuildPhase section */

/* Begin PBXTargetDependency section */
		2CB43DC71ABC1373004DF663 /* PBXTargetDependency */ = {
			isa = PBXTargetDependency;
			target = 2CB43DA81ABC1372004DF663 /* currant */;
			targetProxy = 2CB43DC61ABC1373004DF663 /* PBXContainerItemProxy */;
		};
/* End PBXTargetDependency section */

/* Begin PBXVariantGroup section */
		2CB43DBE1ABC1373004DF663 /* LaunchScreen.xib */ = {
			isa = PBXVariantGroup;
			children = (
				2CB43DDF1ABD59AE004DF663 /* zh-Hans */,
				2CB43DE01ABD59CC004DF663 /* zh-Hans */,
			);
			name = LaunchScreen.xib;
			sourceTree = "<group>";
		};
		2CB43DEA1ABD5CE3004DF663 /* Localizable.strings */ = {
			isa = PBXVariantGroup;
			children = (
				2CB43DE91ABD5CE3004DF663 /* zh-Hans */,
			);
			name = Localizable.strings;
			sourceTree = "<group>";
		};
/* End PBXVariantGroup section */

/* Begin XCBuildConfiguration section */
		2CB43DCD1ABC1373004DF663 /* Debug */ = {
			isa = XCBuildConfiguration;
			buildSettings = {
				ALWAYS_SEARCH_USER_PATHS = NO;
				CLANG_CXX_LANGUAGE_STANDARD = "gnu++0x";
				CLANG_CXX_LIBRARY = "libc++";
				CLANG_ENABLE_MODULES = YES;
				CLANG_ENABLE_OBJC_ARC = YES;
				CLANG_WARN_BOOL_CONVERSION = YES;
				CLANG_WARN_CONSTANT_CONVERSION = YES;
				CLANG_WARN_DIRECT_OBJC_ISA_USAGE = YES_ERROR;
				CLANG_WARN_EMPTY_BODY = YES;
				CLANG_WARN_ENUM_CONVERSION = YES;
				CLANG_WARN_INT_CONVERSION = YES;
				CLANG_WARN_OBJC_ROOT_CLASS = YES_ERROR;
				CLANG_WARN_UNREACHABLE_CODE = YES;
				CLANG_WARN__DUPLICATE_METHOD_MATCH = YES;
				"CODE_SIGN_IDENTITY[sdk=iphoneos*]" = "iPhone Developer";
				COPY_PHASE_STRIP = NO;
				ENABLE_STRICT_OBJC_MSGSEND = YES;
				GCC_C_LANGUAGE_STANDARD = gnu99;
				GCC_DYNAMIC_NO_PIC = NO;
				GCC_OPTIMIZATION_LEVEL = 0;
				GCC_PREPROCESSOR_DEFINITIONS = (
					"DEBUG=1",
					"$(inherited)",
				);
				GCC_SYMBOLS_PRIVATE_EXTERN = NO;
				GCC_WARN_64_TO_32_BIT_CONVERSION = YES;
				GCC_WARN_ABOUT_RETURN_TYPE = YES_ERROR;
				GCC_WARN_UNDECLARED_SELECTOR = YES;
				GCC_WARN_UNINITIALIZED_AUTOS = YES_AGGRESSIVE;
				GCC_WARN_UNUSED_FUNCTION = YES;
				GCC_WARN_UNUSED_VARIABLE = YES;
				IPHONEOS_DEPLOYMENT_TARGET = 8.2;
				MTL_ENABLE_DEBUG_INFO = YES;
				ONLY_ACTIVE_ARCH = YES;
				SDKROOT = iphoneos;
			};
			name = Debug;
		};
		2CB43DCE1ABC1373004DF663 /* Release */ = {
			isa = XCBuildConfiguration;
			buildSettings = {
				ALWAYS_SEARCH_USER_PATHS = NO;
				CLANG_CXX_LANGUAGE_STANDARD = "gnu++0x";
				CLANG_CXX_LIBRARY = "libc++";
				CLANG_ENABLE_MODULES = YES;
				CLANG_ENABLE_OBJC_ARC = YES;
				CLANG_WARN_BOOL_CONVERSION = YES;
				CLANG_WARN_CONSTANT_CONVERSION = YES;
				CLANG_WARN_DIRECT_OBJC_ISA_USAGE = YES_ERROR;
				CLANG_WARN_EMPTY_BODY = YES;
				CLANG_WARN_ENUM_CONVERSION = YES;
				CLANG_WARN_INT_CONVERSION = YES;
				CLANG_WARN_OBJC_ROOT_CLASS = YES_ERROR;
				CLANG_WARN_UNREACHABLE_CODE = YES;
				CLANG_WARN__DUPLICATE_METHOD_MATCH = YES;
				"CODE_SIGN_IDENTITY[sdk=iphoneos*]" = "iPhone Developer";
				COPY_PHASE_STRIP = NO;
				ENABLE_NS_ASSERTIONS = NO;
				ENABLE_STRICT_OBJC_MSGSEND = YES;
				GCC_C_LANGUAGE_STANDARD = gnu99;
				GCC_WARN_64_TO_32_BIT_CONVERSION = YES;
				GCC_WARN_ABOUT_RETURN_TYPE = YES_ERROR;
				GCC_WARN_UNDECLARED_SELECTOR = YES;
				GCC_WARN_UNINITIALIZED_AUTOS = YES_AGGRESSIVE;
				GCC_WARN_UNUSED_FUNCTION = YES;
				GCC_WARN_UNUSED_VARIABLE = YES;
				IPHONEOS_DEPLOYMENT_TARGET = 8.2;
				MTL_ENABLE_DEBUG_INFO = NO;
				SDKROOT = iphoneos;
				VALIDATE_PRODUCT = YES;
			};
			name = Release;
		};
		2CB43DD01ABC1373004DF663 /* Debug */ = {
			isa = XCBuildConfiguration;
			baseConfigurationReference = 3D71FAA99AADAD5513E122AE /* Pods.debug.xcconfig */;
			buildSettings = {
				ASSETCATALOG_COMPILER_APPICON_NAME = AppIcon;
				GCC_PRECOMPILE_PREFIX_HEADER = YES;
				GCC_PREFIX_HEADER = "$(SRCROOT)/currant.pch";
				INFOPLIST_FILE = currant/Info.plist;
				LD_RUNPATH_SEARCH_PATHS = "$(inherited) @executable_path/Frameworks";
				PRODUCT_NAME = "$(TARGET_NAME)";
			};
			name = Debug;
		};
		2CB43DD11ABC1373004DF663 /* Release */ = {
			isa = XCBuildConfiguration;
			baseConfigurationReference = 74C38B0D53E631D7141C9D35 /* Pods.release.xcconfig */;
			buildSettings = {
				ASSETCATALOG_COMPILER_APPICON_NAME = AppIcon;
				GCC_PRECOMPILE_PREFIX_HEADER = YES;
				GCC_PREFIX_HEADER = "$(SRCROOT)/currant.pch";
				INFOPLIST_FILE = currant/Info.plist;
				LD_RUNPATH_SEARCH_PATHS = "$(inherited) @executable_path/Frameworks";
				PRODUCT_NAME = "$(TARGET_NAME)";
			};
			name = Release;
		};
		2CB43DD31ABC1373004DF663 /* Debug */ = {
			isa = XCBuildConfiguration;
			buildSettings = {
				BUNDLE_LOADER = "$(TEST_HOST)";
				FRAMEWORK_SEARCH_PATHS = (
					"$(SDKROOT)/Developer/Library/Frameworks",
					"$(inherited)",
				);
				GCC_PREPROCESSOR_DEFINITIONS = (
					"DEBUG=1",
					"$(inherited)",
				);
				INFOPLIST_FILE = currantTests/Info.plist;
				LD_RUNPATH_SEARCH_PATHS = "$(inherited) @executable_path/Frameworks @loader_path/Frameworks";
				PRODUCT_NAME = "$(TARGET_NAME)";
				TEST_HOST = "$(BUILT_PRODUCTS_DIR)/currant.app/currant";
			};
			name = Debug;
		};
		2CB43DD41ABC1373004DF663 /* Release */ = {
			isa = XCBuildConfiguration;
			buildSettings = {
				BUNDLE_LOADER = "$(TEST_HOST)";
				FRAMEWORK_SEARCH_PATHS = (
					"$(SDKROOT)/Developer/Library/Frameworks",
					"$(inherited)",
				);
				INFOPLIST_FILE = currantTests/Info.plist;
				LD_RUNPATH_SEARCH_PATHS = "$(inherited) @executable_path/Frameworks @loader_path/Frameworks";
				PRODUCT_NAME = "$(TARGET_NAME)";
				TEST_HOST = "$(BUILT_PRODUCTS_DIR)/currant.app/currant";
			};
			name = Release;
		};
/* End XCBuildConfiguration section */

/* Begin XCConfigurationList section */
		2CB43DA41ABC1372004DF663 /* Build configuration list for PBXProject "currant" */ = {
			isa = XCConfigurationList;
			buildConfigurations = (
				2CB43DCD1ABC1373004DF663 /* Debug */,
				2CB43DCE1ABC1373004DF663 /* Release */,
			);
			defaultConfigurationIsVisible = 0;
			defaultConfigurationName = Release;
		};
		2CB43DCF1ABC1373004DF663 /* Build configuration list for PBXNativeTarget "currant" */ = {
			isa = XCConfigurationList;
			buildConfigurations = (
				2CB43DD01ABC1373004DF663 /* Debug */,
				2CB43DD11ABC1373004DF663 /* Release */,
			);
			defaultConfigurationIsVisible = 0;
			defaultConfigurationName = Release;
		};
		2CB43DD21ABC1373004DF663 /* Build configuration list for PBXNativeTarget "currantTests" */ = {
			isa = XCConfigurationList;
			buildConfigurations = (
				2CB43DD31ABC1373004DF663 /* Debug */,
				2CB43DD41ABC1373004DF663 /* Release */,
			);
			defaultConfigurationIsVisible = 0;
			defaultConfigurationName = Release;
		};
/* End XCConfigurationList section */
	};
	rootObject = 2CB43DA11ABC1372004DF663 /* Project object */;
}
