PODS:
  - AFNetworkActivityLogger (2.0.4):
    - AFNetworking/NSURLConnection (~> 2.0)
    - AFNetworking/NSURLSession (~> 2.0)
  - AFNetworking (2.6.0):
    - AFNetworking/NSURLConnection (= 2.6.0)
    - AFNetworking/NSURLSession (= 2.6.0)
    - AFNetworking/Reachability (= 2.6.0)
    - AFNetworking/Security (= 2.6.0)
    - AFNetworking/Serialization (= 2.6.0)
    - AFNetworking/UIKit (= 2.6.0)
  - AFNetworking/NSURLConnection (2.6.0):
    - AFNetworking/Reachability
    - AFNetworking/Security
    - AFNetworking/Serialization
  - AFNetworking/NSURLSession (2.6.0):
    - AFNetworking/Reachability
    - AFNetworking/Security
    - AFNetworking/Serialization
  - AFNetworking/Reachability (2.6.0)
  - AFNetworking/Security (2.6.0)
  - AFNetworking/Serialization (2.6.0)
  - AFNetworking/UIKit (2.6.0):
    - AFNetworking/NSURLConnection
    - AFNetworking/NSURLSession
  - ALActionBlocks (1.0.3)
  - apptentive-ios (1.7.3):
    - apptentive-ios/arc-files (= 1.7.3)
  - apptentive-ios/arc-files (1.7.3)
  - Aspects (1.4.1)
  - BBTAppUpdater (0.0.1):
    - SVProgressHUD
  - BBTRestClient (0.0.1):
    - Overcoat (~> 1.2)
  - BBTUtility (0.0.1):
    - ObjectiveSugar
  - Bolts (1.1.5):
    - Bolts/AppLinks (= 1.1.5)
    - Bolts/Tasks (= 1.1.5)
  - Bolts/AppLinks (1.1.5):
    - Bolts/Tasks
  - Bolts/Tasks (1.1.5)
  - CTAssetsPickerController (2.9.4)
  - DACircularProgress (2.3.1)
  - EGOCache (2.1.3)
  - FMDB (2.5):
    - FMDB/standard (= 2.5)
  - FMDB/common (2.5)
  - FMDB/standard (2.5):
    - FMDB/common
  - FXForms (1.2.12)
  - Google/Analytics (1.0.7):
    - Google/Core
    - GoogleAnalytics (~> 3.12)
  - Google/Core (1.0.7):
    - GoogleNetworkingUtilities (~> 1.0)
    - GoogleSymbolUtilities (~> 1.0)
    - GoogleUtilities (~> 1.0)
  - GoogleAnalytics (3.13.0)
  - GoogleNetworkingUtilities (1.0.0):
    - GoogleSymbolUtilities (~> 1.0)
  - GoogleSymbolUtilities (1.0.0)
  - GoogleUtilities (1.0.1):
    - GoogleSymbolUtilities (~> 1.0)
  - INTULocationManager (3.0.3)
  - JDFTooltips (1.0)
  - KIF (3.2.3):
    - KIF/XCTest (= 3.2.3)
  - KIF/XCTest (3.2.3)
  - KVOController (1.0.3)
  - libextobjc (0.4.1):
    - libextobjc/EXTADT (= 0.4.1)
    - libextobjc/EXTConcreteProtocol (= 0.4.1)
    - libextobjc/EXTKeyPathCoding (= 0.4.1)
    - libextobjc/EXTNil (= 0.4.1)
    - libextobjc/EXTSafeCategory (= 0.4.1)
    - libextobjc/EXTScope (= 0.4.1)
    - libextobjc/EXTSelectorChecking (= 0.4.1)
    - libextobjc/EXTSynthesize (= 0.4.1)
    - libextobjc/NSInvocation+EXT (= 0.4.1)
    - libextobjc/NSMethodSignature+EXT (= 0.4.1)
    - libextobjc/RuntimeExtensions (= 0.4.1)
    - libextobjc/UmbrellaHeader (= 0.4.1)
  - libextobjc/EXTADT (0.4.1):
    - libextobjc/RuntimeExtensions
  - libextobjc/EXTConcreteProtocol (0.4.1):
    - libextobjc/RuntimeExtensions
  - libextobjc/EXTKeyPathCoding (0.4.1):
    - libextobjc/RuntimeExtensions
  - libextobjc/EXTNil (0.4.1):
    - libextobjc/RuntimeExtensions
  - libextobjc/EXTSafeCategory (0.4.1):
    - libextobjc/RuntimeExtensions
  - libextobjc/EXTScope (0.4.1):
    - libextobjc/RuntimeExtensions
  - libextobjc/EXTSelectorChecking (0.4.1):
    - libextobjc/RuntimeExtensions
  - libextobjc/EXTSynthesize (0.4.1):
    - libextobjc/RuntimeExtensions
  - libextobjc/NSInvocation+EXT (0.4.1):
    - libextobjc/RuntimeExtensions
  - libextobjc/NSMethodSignature+EXT (0.4.1):
    - libextobjc/RuntimeExtensions
  - libextobjc/RuntimeExtensions (0.4.1)
  - libextobjc/UmbrellaHeader (0.4.1)
  - Mantle (1.5.5):
    - Mantle/extobjc (= 1.5.5)
  - Mantle/extobjc (1.5.5)
  - Masonry (0.6.1)
  - MBProgressHUD (0.9.1)
  - MWPhotoBrowser (1.4.1):
    - DACircularProgress
    - MBProgressHUD (~> 0.8)
    - PSTCollectionView (~> 1.2)
    - SDWebImage (~> 3.7)
  - ngrvalidator (1.0.0)
  - NJKWebViewProgress (0.2.3):
    - NJKWebViewProgress/Core (= 0.2.3)
    - NJKWebViewProgress/ProgressView (= 0.2.3)
  - NJKWebViewProgress/Core (0.2.3)
  - NJKWebViewProgress/ProgressView (0.2.3)
  - NSDate-Extensions (0.0.1)
  - NSTimer-Blocks (0.0.1)
  - ObjectiveSugar (1.1.0)
  - OCHamcrest (4.1.1)
  - OHHTTPStubs (4.2.0):
    - OHHTTPStubs/Default (= 4.2.0)
  - OHHTTPStubs/Core (4.2.0)
  - OHHTTPStubs/Default (4.2.0):
    - OHHTTPStubs/Core
    - OHHTTPStubs/JSON
    - OHHTTPStubs/NSURLSession
    - OHHTTPStubs/OHPathHelpers
  - OHHTTPStubs/JSON (4.2.0):
    - OHHTTPStubs/Core
  - OHHTTPStubs/NSURLSession (4.2.0):
    - OHHTTPStubs/Core
  - OHHTTPStubs/OHPathHelpers (4.2.0)
  - Overcoat (1.2.1):
    - AFNetworking (~> 2.0)
    - Mantle (~> 1.3)
  - PSTCollectionView (1.2.3)
  - RegExCategories (1.0)
  - SDWebImage (3.7.3):
    - SDWebImage/Core (= 3.7.3)
  - SDWebImage/Core (3.7.3)
  - Sequencer (1.0.1)
  - SMCalloutView (2.1.2)
  - Specta (1.0.3)
  - SVProgressHUD (1.1.3)
  - TTTAttributedLabel (1.13.3)
  - UIActionSheet+Blocks (0.8.1)
  - UIAlertView+Blocks (0.8.1)
  - UMengSocial (4.2.3)
  - WebViewJavascriptBridge (4.1.4)
  - WeiboSDK (3.0.1)
  - YTKKeyValueStore (0.1.2):
    - FMDB (~> 2.0)

DEPENDENCIES:
  - AFNetworkActivityLogger (= 2.0.4)
  - ALActionBlocks (= 1.0.3)
  - apptentive-ios (= 1.7.3)
  - Aspects (= 1.4.1)
  - BBTAppUpdater (from `git@git.bbtechgroup.com:bbt/ios-bbtappupdater.git`)
  - BBTRestClient (from `git@git.bbtechgroup.com:bbt/ios-bbtrestclient.git`)
  - BBTUtility (from `git@git.bbtechgroup.com:bbt/ios-bbtutility.git`)
  - Bolts (= 1.1.5)
  - CTAssetsPickerController (= 2.9.4)
  - EGOCache (~> 2.1.3)
  - FXForms (= 1.2.12)
  - Google/Analytics (~> 1.0.0)
  - INTULocationManager (= 3.0.3)
  - JDFTooltips (= 1.0)
  - KIF
  - KVOController (= 1.0.3)
  - libextobjc (= 0.4.1)
  - Masonry (= 0.6.1)
  - MWPhotoBrowser (= 1.4.1)
  - ngrvalidator (= 1.0.0)
  - NJKWebViewProgress (= 0.2.3)
  - NSDate-Extensions (= 0.0.1)
  - NSTimer-Blocks
  - OCHamcrest
  - OHHTTPStubs
  - RegExCategories (= 1.0)
  - Sequencer (= 1.0.1)
  - SMCalloutView (= 2.1.2)
  - Specta
  - SVProgressHUD (= 1.1.3)
  - TTTAttributedLabel (= 1.13.3)
  - UIActionSheet+Blocks (= 0.8.1)
  - UIAlertView+Blocks (= 0.8.1)
  - UMengSocial (= 4.2.3)
  - WebViewJavascriptBridge (= 4.1.4)
  - WeiboSDK (from `https://github.com/sinaweibosdk/weibo_ios_sdk`, tag `3.0.1`)
  - YTKKeyValueStore (= 0.1.2)

EXTERNAL SOURCES:
  BBTAppUpdater:
    :git: git@git.bbtechgroup.com:bbt/ios-bbtappupdater.git
  BBTRestClient:
    :git: git@git.bbtechgroup.com:bbt/ios-bbtrestclient.git
  BBTUtility:
    :git: git@git.bbtechgroup.com:bbt/ios-bbtutility.git
  WeiboSDK:
    :git: https://github.com/sinaweibosdk/weibo_ios_sdk
    :tag: 3.0.1

CHECKOUT OPTIONS:
  BBTAppUpdater:
    :commit: f6dc95e1d98aa73aea250b2bf97eaee5e8e6cdda
    :git: git@git.bbtechgroup.com:bbt/ios-bbtappupdater.git
  BBTRestClient:
    :commit: 07bd8338bac2c99fbf383655740896fe8e5cc10e
    :git: git@git.bbtechgroup.com:bbt/ios-bbtrestclient.git
  BBTUtility:
    :commit: f5f295b562ceb5097e2a224bf4332f39c2e2779f
    :git: git@git.bbtechgroup.com:bbt/ios-bbtutility.git
  WeiboSDK:
    :git: https://github.com/sinaweibosdk/weibo_ios_sdk
    :tag: 3.0.1

SPEC CHECKSUMS:
  AFNetworkActivityLogger: 121486778117d53b3ab1c61d264b88081d0c3eee
  AFNetworking: 79f7eb1a0fcfa7beb409332b2ca49afe9ce53b05
  ALActionBlocks: ac91b1a37b60a8004fb687ddade0600446f3d3fa
  apptentive-ios: be0b8dbc17b443eb624b3a015017f521b096f003
  Aspects: 7595ba96a6727a58ebcbfc954497fc5d2fdde546
  BBTAppUpdater: 2aba37021612f15bf1cb9f3a34c5c147c5a9f4fe
  BBTRestClient: d3205d65ebc0851c0f8c4c69e2fedf9ace0b6134
  BBTUtility: 55ffd4489f190073d4a889839b6a67cc2f76fc5f
  Bolts: aac24961496d504aa56fc267cde95162a71bac39
  CTAssetsPickerController: 3030dc60f5d1a3c4e5b1c0aa9f069220d5bf7008
  DACircularProgress: 4dd437c0fc3da5161cb289e07ac449493d41db71
  EGOCache: f0295dbe041156acabd39021354ad1045ee49e72
  FMDB: 96e8f1bcc1329e269330f99770ad4285d9003e52
  FXForms: b6a78bac9f6b597ce704e34ac7c1ce9ff628b1d5
  Google: 875f5a8ade86dd02e36586e4a54814843938c7f6
  GoogleAnalytics: fcf1f1cad57ae1a9a53520018f0f680ceeeb8b49
  GoogleNetworkingUtilities: 292992ab31b7b4ba32809a0e8b40e324cdfb2c0c
  GoogleSymbolUtilities: a7b0feed1fe667c8d5e647177938d0ecd62d6948
  GoogleUtilities: e3475cd4d45134221d2f3f3626095a1c49b62041
  INTULocationManager: e79327803a163f5fec28eb042bb124ed0c6e4876
  JDFTooltips: 439e3f1010b5e689e8438f66fce8448726e59897
  KIF: a94bffe9c97e449e44f8fa481c53243d21309e1e
  KVOController: 9fd8f0343670994e4b6f9f0b31f5a45663f3e1cf
  libextobjc: a650fc1bf489a3d3a9bc2e621efa3e1006fc5471
  Mantle: 1b29072a707453975b200a173cf77ec1e2810b75
  Masonry: 4972309f2f134de9dd312f4dc4a21359b50e6caa
  MBProgressHUD: c47f2c166c126cf2ce36498d80f33e754d4e93ad
  MWPhotoBrowser: 2531e682860d62b8a7ba8659de02eb9040e431e5
  ngrvalidator: 3d9f8402b2b3bbc070945e7defe1af0b5cc72e58
  NJKWebViewProgress: f481fd424cb5ecc27eacae11b5397db92fba9a4d
  NSDate-Extensions: cbd68ecf5cf8a150644e184b4521d7734fea5ace
  NSTimer-Blocks: 88faf9aef5f250ead087f3f67ae642517083bf36
  ObjectiveSugar: a6a25f23d657c19df0a0b972466d5b5ca9f5295c
  OCHamcrest: 6f03ffa81d12feab872638490a44ab0a6d3aca10
  OHHTTPStubs: f639130b83fb5f4f022d38f841141b0a6fa77249
  Overcoat: 45e4d20eafc02c8d7fcde3cb89d35f0630a9fa80
  PSTCollectionView: 6749df92885353521f55279a7ce2b293762e2be4
  RegExCategories: e68befacacd5bda853c88f70ec745cb2d0cfb89c
  SDWebImage: 1d2b1a1efda1ade1b00b6f8498865f8ddedc8a84
  Sequencer: 53040fea35ecde55ba9cdb3a505a00cfb0e797b2
  SMCalloutView: 4078d89b847731e514b1a919fed33b383a24a106
  Specta: cf3e4188cf35375c3ee2cd03f8db8f1f4ef98234
  SVProgressHUD: 748080e4f36e603f6c02aec292664239df5279c1
  TTTAttributedLabel: 6f3174aef8e738f44dff97c2eb7d8184f6ab6277
  UIActionSheet+Blocks: 7fdab45fc8f15ac2dc1cd65af1470746600b5f46
  UIAlertView+Blocks: 45c3d3b7194906702d3e9a14c7ece5581505646d
  UMengSocial: 85882abe5b20aa38ad558ece71360e16b5d50909
  WebViewJavascriptBridge: f10ac16f2cd3adf2b941bd79477c55a8f6e01044
  WeiboSDK: 818c49635fb9674740078da526fcd934835f11d3
  YTKKeyValueStore: 4d002941540dd5108fa23009b71e0f2f937f7a0f

COCOAPODS: 0.38.2
