PODS:
  - AFNetworkActivityLogger (2.0.4):
    - AFNetworking/NSURLConnection (~> 2.0)
    - AFNetworking/NSURLSession (~> 2.0)
  - AFNetworking (2.5.4):
    - AFNetworking/NSURLConnection (= 2.5.4)
    - AFNetworking/NSURLSession (= 2.5.4)
    - AFNetworking/Reachability (= 2.5.4)
    - AFNetworking/Security (= 2.5.4)
    - AFNetworking/Serialization (= 2.5.4)
    - AFNetworking/UIKit (= 2.5.4)
  - AFNetworking/NSURLConnection (2.5.4):
    - AFNetworking/Reachability
    - AFNetworking/Security
    - AFNetworking/Serialization
  - AFNetworking/NSURLSession (2.5.4):
    - AFNetworking/Reachability
    - AFNetworking/Security
    - AFNetworking/Serialization
  - AFNetworking/Reachability (2.5.4)
  - AFNetworking/Security (2.5.4)
  - AFNetworking/Serialization (2.5.4)
  - AFNetworking/UIKit (2.5.4):
    - AFNetworking/NSURLConnection
    - AFNetworking/NSURLSession
  - ALActionBlocks (1.0.3)
  - apptentive-ios (1.7.3):
    - apptentive-ios/arc-files (= 1.7.3)
  - apptentive-ios/arc-files (1.7.3)
  - Aspects (1.4.1)
  - BBTRestClient (0.0.1):
    - Overcoat (~> 1.2)
  - BBTUtility (0.0.1):
    - ObjectiveSugar
  - Bolts (1.1.5):
    - Bolts/AppLinks (= 1.1.5)
    - Bolts/Tasks (= 1.1.5)
  - Bolts/AppLinks (1.1.5):
    - Bolts/Tasks
  - Bolts/Tasks (1.1.5)
  - CTAssetsPickerController (2.9.4)
  - DACircularProgress (2.3.1)
  - EGOCache (2.1.3)
  - FMDB (2.5):
    - FMDB/standard (= 2.5)
  - FMDB/common (2.5)
  - FMDB/standard (2.5):
    - FMDB/common
  - FXForms (1.2.12)
  - GoogleAnalytics-iOS-SDK (3.12):
    - GoogleAnalytics-iOS-SDK/Core (= 3.12)
  - GoogleAnalytics-iOS-SDK/Core (3.12)
  - INTULocationManager (3.0.3)
  - JDFTooltips (1.0)
  - KVOController (1.0.3)
  - libextobjc/EXTKeyPathCoding (0.4.1):
    - libextobjc/RuntimeExtensions
  - libextobjc/RuntimeExtensions (0.4.1)
  - Mantle (1.5.4):
    - Mantle/extobjc (= 1.5.4)
  - Mantle/extobjc (1.5.4)
  - Masonry (0.6.1)
  - MBProgressHUD (0.9.1)
  - MWPhotoBrowser (1.4.1):
    - DACircularProgress
    - MBProgressHUD (~> 0.8)
    - PSTCollectionView (~> 1.2)
    - SDWebImage (~> 3.7)
  - ngrvalidator (1.0.0)
  - NJKWebViewProgress (0.2.3):
    - NJKWebViewProgress/Core (= 0.2.3)
    - NJKWebViewProgress/ProgressView (= 0.2.3)
  - NJKWebViewProgress/Core (0.2.3)
  - NJKWebViewProgress/ProgressView (0.2.3)
  - NSDate-Extensions (0.0.1)
  - ObjectiveSugar (1.1.0)
  - Overcoat (1.2.1):
    - AFNetworking (~> 2.0)
    - Mantle (~> 1.3)
  - PSTCollectionView (1.2.3)
  - RegExCategories (1.0)
  - RNCachingURLProtocol+HybirdApp (0.0.1):
    - EGOCache
  - SDWebImage (3.7.2):
    - SDWebImage/Core (= 3.7.2)
  - SDWebImage/Core (3.7.2)
  - Sequencer (1.0.1)
  - SMCalloutView (2.1.2)
  - SVProgressHUD (1.1.3)
  - TTTAttributedLabel (1.13.3)
  - UIActionSheet+Blocks (0.8.1)
  - UIAlertView+Blocks (0.8.1)
  - UMengSocial (4.2.3)
  - WebViewJavascriptBridge (4.1.4)
  - WeiboSDK (3.0.1)
  - YTKKeyValueStore (0.1.2):
    - FMDB (~> 2.0)

DEPENDENCIES:
  - AFNetworkActivityLogger (= 2.0.4)
  - ALActionBlocks (= 1.0.3)
  - apptentive-ios (= 1.7.3)
  - Aspects (= 1.4.1)
  - BBTRestClient (from `git@git.bbtechgroup.com:bbt/ios-bbtrestclient.git`)
  - BBTUtility (from `git@git.bbtechgroup.com:bbt/ios-bbtutility.git`)
  - Bolts (= 1.1.5)
  - CTAssetsPickerController (= 2.9.4)
  - FXForms (= 1.2.12)
  - GoogleAnalytics-iOS-SDK (= 3.12)
  - INTULocationManager (= 3.0.3)
  - JDFTooltips (= 1.0)
  - KVOController (= 1.0.3)
  - libextobjc/EXTKeyPathCoding (= 0.4.1)
  - Masonry (= 0.6.1)
  - MWPhotoBrowser (= 1.4.1)
  - ngrvalidator (= 1.0.0)
  - NJKWebViewProgress (= 0.2.3)
  - NSDate-Extensions (= 0.0.1)
  - RegExCategories (= 1.0)
  - RNCachingURLProtocol+HybirdApp (from `git@github.com:Fykec/RNCachingURLProtocol.git`)
  - Sequencer (= 1.0.1)
  - SMCalloutView (= 2.1.2)
  - SVProgressHUD (= 1.1.3)
  - TTTAttributedLabel (= 1.13.3)
  - UIActionSheet+Blocks (= 0.8.1)
  - UIAlertView+Blocks (= 0.8.1)
  - UMengSocial (= 4.2.3)
  - WebViewJavascriptBridge (= 4.1.4)
  - WeiboSDK (from `https://github.com/sinaweibosdk/weibo_ios_sdk`, tag `3.0.1`)
  - YTKKeyValueStore (= 0.1.2)

EXTERNAL SOURCES:
  BBTRestClient:
    :git: git@git.bbtechgroup.com:bbt/ios-bbtrestclient.git
  BBTUtility:
    :git: git@git.bbtechgroup.com:bbt/ios-bbtutility.git
  RNCachingURLProtocol+HybirdApp:
    :git: git@github.com:Fykec/RNCachingURLProtocol.git
  WeiboSDK:
    :git: https://github.com/sinaweibosdk/weibo_ios_sdk
    :tag: 3.0.1

CHECKOUT OPTIONS:
  BBTRestClient:
    :commit: 07bd8338bac2c99fbf383655740896fe8e5cc10e
    :git: git@git.bbtechgroup.com:bbt/ios-bbtrestclient.git
  BBTUtility:
    :commit: f5f295b562ceb5097e2a224bf4332f39c2e2779f
    :git: git@git.bbtechgroup.com:bbt/ios-bbtutility.git
  RNCachingURLProtocol+HybirdApp:
    :commit: 9984b6c9687fba83bbd370307d118ac23405b281
    :git: git@github.com:Fykec/RNCachingURLProtocol.git
  WeiboSDK:
    :git: https://github.com/sinaweibosdk/weibo_ios_sdk
    :tag: 3.0.1

SPEC CHECKSUMS:
  AFNetworkActivityLogger: 121486778117d53b3ab1c61d264b88081d0c3eee
  AFNetworking: 05edc0ac4c4c8cf57bcf4b84be5b0744b6d8e71e
  ALActionBlocks: ac91b1a37b60a8004fb687ddade0600446f3d3fa
  apptentive-ios: be0b8dbc17b443eb624b3a015017f521b096f003
  Aspects: 7595ba96a6727a58ebcbfc954497fc5d2fdde546
  BBTRestClient: 25965557c7608407aaaa0b30d1ea07735e971488
  BBTUtility: 034a9709d4b90c986d133a06f0123e4c328f23f2
  Bolts: aac24961496d504aa56fc267cde95162a71bac39
  CTAssetsPickerController: 3030dc60f5d1a3c4e5b1c0aa9f069220d5bf7008
  DACircularProgress: 4dd437c0fc3da5161cb289e07ac449493d41db71
  EGOCache: f0295dbe041156acabd39021354ad1045ee49e72
  FMDB: 96e8f1bcc1329e269330f99770ad4285d9003e52
  FXForms: b6a78bac9f6b597ce704e34ac7c1ce9ff628b1d5
  GoogleAnalytics-iOS-SDK: 0a3327a993b8ed2b8fe1c6c4a8dcf5b76d2237a8
  INTULocationManager: e79327803a163f5fec28eb042bb124ed0c6e4876
  JDFTooltips: 439e3f1010b5e689e8438f66fce8448726e59897
  KVOController: 9fd8f0343670994e4b6f9f0b31f5a45663f3e1cf
  libextobjc: a650fc1bf489a3d3a9bc2e621efa3e1006fc5471
  Mantle: 60acd0cd363e27d945bda0a6b8e90577112d28f3
  Masonry: 4972309f2f134de9dd312f4dc4a21359b50e6caa
  MBProgressHUD: c47f2c166c126cf2ce36498d80f33e754d4e93ad
  MWPhotoBrowser: 2531e682860d62b8a7ba8659de02eb9040e431e5
  ngrvalidator: 3d9f8402b2b3bbc070945e7defe1af0b5cc72e58
  NJKWebViewProgress: f481fd424cb5ecc27eacae11b5397db92fba9a4d
  NSDate-Extensions: cbd68ecf5cf8a150644e184b4521d7734fea5ace
  ObjectiveSugar: a6a25f23d657c19df0a0b972466d5b5ca9f5295c
  Overcoat: 45e4d20eafc02c8d7fcde3cb89d35f0630a9fa80
  PSTCollectionView: 6749df92885353521f55279a7ce2b293762e2be4
  RegExCategories: e68befacacd5bda853c88f70ec745cb2d0cfb89c
  RNCachingURLProtocol+HybirdApp: 21fa40f9134a7fe7e38b8d6ab8f16c930310df73
  SDWebImage: 71b7cdc1d1721d6a82ed62889030225f2c249e29
  Sequencer: 53040fea35ecde55ba9cdb3a505a00cfb0e797b2
  SMCalloutView: 4078d89b847731e514b1a919fed33b383a24a106
  SVProgressHUD: 748080e4f36e603f6c02aec292664239df5279c1
  TTTAttributedLabel: 6f3174aef8e738f44dff97c2eb7d8184f6ab6277
  UIActionSheet+Blocks: 7fdab45fc8f15ac2dc1cd65af1470746600b5f46
  UIAlertView+Blocks: 45c3d3b7194906702d3e9a14c7ece5581505646d
  UMengSocial: 85882abe5b20aa38ad558ece71360e16b5d50909
  WebViewJavascriptBridge: f10ac16f2cd3adf2b941bd79477c55a8f6e01044
  WeiboSDK: 818c49635fb9674740078da526fcd934835f11d3
  YTKKeyValueStore: 4d002941540dd5108fa23009b71e0f2f937f7a0f

COCOAPODS: 0.36.3
